
Microsoft Visual Studio Solution File, Format Version 12.00
# Visual Studio 15
VisualStudioVersion = 15.0.27004.2002
MinimumVisualStudioVersion = 10.0.40219.1
Project("{FAE04EC0-301F-11D3-BF4B-00C04F79EFBC}") = "Ejemplos_clase2", "Ejemplos_clase2\Ejemplos_clase2.csproj", "{2EF0E68D-97E6-46CD-BB1E-63FF4D71EBE0}"
EndProject
Global
	GlobalSection(SolutionConfigurationPlatforms) = preSolution
		Debug|Any CPU = Debug|Any CPU
		Release|Any CPU = Release|Any CPU
	EndGlobalSection
	GlobalSection(ProjectConfigurationPlatforms) = postSolution
		{2EF0E68D-97E6-46CD-BB1E-63FF4D71EBE0}.Debug|Any CPU.ActiveCfg = Debug|Any CPU
		{2EF0E68D-97E6-46CD-BB1E-63FF4D71EBE0}.Debug|Any CPU.Build.0 = Debug|Any CPU
		{2EF0E68D-97E6-46CD-BB1E-63FF4D71EBE0}.Release|Any CPU.ActiveCfg = Release|Any CPU
		{2EF0E68D-97E6-46CD-BB1E-63FF4D71EBE0}.Release|Any CPU.Build.0 = Release|Any CPU
	EndGlobalSection
	GlobalSection(SolutionProperties) = preSolution
		HideSolutionNode = FALSE
	EndGlobalSection
	GlobalSection(ExtensibilityGlobals) = postSolution
		SolutionGuid = {40EC7E3D-D147-4A2B-932D-414109FD0495}
	EndGlobalSection
EndGlobal
